
Microsoft Visual Studio Solution File, Format Version 12.00
# Visual Studio Version 17
VisualStudioVersion = 17.0.32126.317
MinimumVisualStudioVersion = 10.0.40219.1
Project("{D954291E-2A0B-460D-934E-DC6B0785DB48}") = "TutelMapper.Shared", "TutelMapper\TutelMapper.Shared\TutelMapper.Shared.shproj", "{6279C845-92F8-4333-AB99-3D213163593C}"
EndProject
Project("{2150E333-8FDC-42A3-9474-1A3956D46DE8}") = "Platforms", "Platforms", "{0F8427B1-5278-42AD-8491-B0F4532B3A08}"
EndProject
Project("{FAE04EC0-301F-11D3-BF4B-00C04F79EFBC}") = "TutelMapper.Mobile", "TutelMapper\TutelMapper.Mobile\TutelMapper.Mobile.csproj", "{47D99623-D012-4142-86A7-2EB15AB6ACD9}"
EndProject
Project("{FAE04EC0-301F-11D3-BF4B-00C04F79EFBC}") = "TutelMapper.UWP", "TutelMapper\TutelMapper.UWP\TutelMapper.UWP.csproj", "{FC55FD4E-7F41-4F29-A3FD-811A83645632}"
EndProject
Project("{FAE04EC0-301F-11D3-BF4B-00C04F79EFBC}") = "TutelMapper.Wasm", "TutelMapper\TutelMapper.Wasm\TutelMapper.Wasm.csproj", "{4B83B7C5-8233-4F97-A094-9C62D30C1F4A}"
EndProject
Project("{FAE04EC0-301F-11D3-BF4B-00C04F79EFBC}") = "TutelMapper.Skia.Wpf.Host", "TutelMapper\TutelMapper.Skia.Wpf.Host\TutelMapper.Skia.Wpf.Host.csproj", "{045337E3-1CAC-49A3-AAE9-AA86835DDA9A}"
EndProject
Project("{FAE04EC0-301F-11D3-BF4B-00C04F79EFBC}") = "TutelMapper.Skia.Wpf", "TutelMapper\TutelMapper.Skia.Wpf\TutelMapper.Skia.Wpf.csproj", "{1FB7BEE5-BFAD-4E78-BCC9-A56633808A89}"
EndProject
Project("{FAE04EC0-301F-11D3-BF4B-00C04F79EFBC}") = "TutelMapper.Skia.Gtk", "TutelMapper\TutelMapper.Skia.Gtk\TutelMapper.Skia.Gtk.csproj", "{F245CE70-9C22-41DD-9E28-A099A81AF79A}"
EndProject
Global
	GlobalSection(SharedMSBuildProjectFiles) = preSolution
		TutelMapper\TutelMapper.Shared\TutelMapper.Shared.projitems*{1fb7bee5-bfad-4e78-bcc9-a56633808a89}*SharedItemsImports = 5
		TutelMapper\TutelMapper.Shared\TutelMapper.Shared.projitems*{47d99623-d012-4142-86a7-2eb15ab6acd9}*SharedItemsImports = 5
		TutelMapper\TutelMapper.Shared\TutelMapper.Shared.projitems*{4b83b7c5-8233-4f97-a094-9c62d30c1f4a}*SharedItemsImports = 5
		TutelMapper\TutelMapper.Shared\TutelMapper.Shared.projitems*{6279c845-92f8-4333-ab99-3d213163593c}*SharedItemsImports = 13
		TutelMapper\TutelMapper.Shared\TutelMapper.Shared.projitems*{f245ce70-9c22-41dd-9e28-a099a81af79a}*SharedItemsImports = 5
		TutelMapper\TutelMapper.Shared\TutelMapper.Shared.projitems*{fc55fd4e-7f41-4f29-a3fd-811a83645632}*SharedItemsImports = 4
	EndGlobalSection
	GlobalSection(SolutionConfigurationPlatforms) = preSolution
		Debug|Any CPU = Debug|Any CPU
		Debug|ARM = Debug|ARM
		Debug|ARM64 = Debug|ARM64
		Debug|x64 = Debug|x64
		Debug|x86 = Debug|x86
		Release|Any CPU = Release|Any CPU
		Release|ARM = Release|ARM
		Release|ARM64 = Release|ARM64
		Release|x64 = Release|x64
		Release|x86 = Release|x86
	EndGlobalSection
	GlobalSection(ProjectConfigurationPlatforms) = postSolution
		{47D99623-D012-4142-86A7-2EB15AB6ACD9}.Debug|Any CPU.ActiveCfg = Debug|Any CPU
		{47D99623-D012-4142-86A7-2EB15AB6ACD9}.Debug|Any CPU.Build.0 = Debug|Any CPU
		{47D99623-D012-4142-86A7-2EB15AB6ACD9}.Debug|ARM.ActiveCfg = Debug|Any CPU
		{47D99623-D012-4142-86A7-2EB15AB6ACD9}.Debug|ARM.Build.0 = Debug|Any CPU
		{47D99623-D012-4142-86A7-2EB15AB6ACD9}.Debug|ARM64.ActiveCfg = Debug|Any CPU
		{47D99623-D012-4142-86A7-2EB15AB6ACD9}.Debug|ARM64.Build.0 = Debug|Any CPU
		{47D99623-D012-4142-86A7-2EB15AB6ACD9}.Debug|x64.ActiveCfg = Debug|Any CPU
		{47D99623-D012-4142-86A7-2EB15AB6ACD9}.Debug|x64.Build.0 = Debug|Any CPU
		{47D99623-D012-4142-86A7-2EB15AB6ACD9}.Debug|x86.ActiveCfg = Debug|Any CPU
		{47D99623-D012-4142-86A7-2EB15AB6ACD9}.Debug|x86.Build.0 = Debug|Any CPU
		{47D99623-D012-4142-86A7-2EB15AB6ACD9}.Release|Any CPU.ActiveCfg = Release|Any CPU
		{47D99623-D012-4142-86A7-2EB15AB6ACD9}.Release|Any CPU.Build.0 = Release|Any CPU
		{47D99623-D012-4142-86A7-2EB15AB6ACD9}.Release|ARM.ActiveCfg = Release|Any CPU
		{47D99623-D012-4142-86A7-2EB15AB6ACD9}.Release|ARM.Build.0 = Release|Any CPU
		{47D99623-D012-4142-86A7-2EB15AB6ACD9}.Release|ARM64.ActiveCfg = Release|Any CPU
		{47D99623-D012-4142-86A7-2EB15AB6ACD9}.Release|ARM64.Build.0 = Release|Any CPU
		{47D99623-D012-4142-86A7-2EB15AB6ACD9}.Release|x64.ActiveCfg = Release|Any CPU
		{47D99623-D012-4142-86A7-2EB15AB6ACD9}.Release|x64.Build.0 = Release|Any CPU
		{47D99623-D012-4142-86A7-2EB15AB6ACD9}.Release|x86.ActiveCfg = Release|Any CPU
		{47D99623-D012-4142-86A7-2EB15AB6ACD9}.Release|x86.Build.0 = Release|Any CPU
		{FC55FD4E-7F41-4F29-A3FD-811A83645632}.Debug|Any CPU.ActiveCfg = Debug|x64
		{FC55FD4E-7F41-4F29-A3FD-811A83645632}.Debug|Any CPU.Build.0 = Debug|x64
		{FC55FD4E-7F41-4F29-A3FD-811A83645632}.Debug|Any CPU.Deploy.0 = Debug|x64
		{FC55FD4E-7F41-4F29-A3FD-811A83645632}.Debug|ARM.ActiveCfg = Debug|ARM
		{FC55FD4E-7F41-4F29-A3FD-811A83645632}.Debug|ARM.Build.0 = Debug|ARM
		{FC55FD4E-7F41-4F29-A3FD-811A83645632}.Debug|ARM.Deploy.0 = Debug|ARM
		{FC55FD4E-7F41-4F29-A3FD-811A83645632}.Debug|ARM64.ActiveCfg = Debug|ARM64
		{FC55FD4E-7F41-4F29-A3FD-811A83645632}.Debug|ARM64.Build.0 = Debug|ARM64
		{FC55FD4E-7F41-4F29-A3FD-811A83645632}.Debug|ARM64.Deploy.0 = Debug|ARM64
		{FC55FD4E-7F41-4F29-A3FD-811A83645632}.Debug|x64.ActiveCfg = Debug|x64
		{FC55FD4E-7F41-4F29-A3FD-811A83645632}.Debug|x64.Build.0 = Debug|x64
		{FC55FD4E-7F41-4F29-A3FD-811A83645632}.Debug|x64.Deploy.0 = Debug|x64
		{FC55FD4E-7F41-4F29-A3FD-811A83645632}.Debug|x86.ActiveCfg = Debug|x86
		{FC55FD4E-7F41-4F29-A3FD-811A83645632}.Debug|x86.Build.0 = Debug|x86
		{FC55FD4E-7F41-4F29-A3FD-811A83645632}.Debug|x86.Deploy.0 = Debug|x86
		{FC55FD4E-7F41-4F29-A3FD-811A83645632}.Release|Any CPU.ActiveCfg = Release|x64
		{FC55FD4E-7F41-4F29-A3FD-811A83645632}.Release|Any CPU.Build.0 = Release|x64
		{FC55FD4E-7F41-4F29-A3FD-811A83645632}.Release|Any CPU.Deploy.0 = Release|x64
		{FC55FD4E-7F41-4F29-A3FD-811A83645632}.Release|ARM.ActiveCfg = Release|ARM
		{FC55FD4E-7F41-4F29-A3FD-811A83645632}.Release|ARM.Build.0 = Release|ARM
		{FC55FD4E-7F41-4F29-A3FD-811A83645632}.Release|ARM.Deploy.0 = Release|ARM
		{FC55FD4E-7F41-4F29-A3FD-811A83645632}.Release|ARM64.ActiveCfg = Release|ARM64
		{FC55FD4E-7F41-4F29-A3FD-811A83645632}.Release|ARM64.Build.0 = Release|ARM64
		{FC55FD4E-7F41-4F29-A3FD-811A83645632}.Release|ARM64.Deploy.0 = Release|ARM64
		{FC55FD4E-7F41-4F29-A3FD-811A83645632}.Release|x64.ActiveCfg = Release|x64
		{FC55FD4E-7F41-4F29-A3FD-811A83645632}.Release|x64.Build.0 = Release|x64
		{FC55FD4E-7F41-4F29-A3FD-811A83645632}.Release|x64.Deploy.0 = Release|x64
		{FC55FD4E-7F41-4F29-A3FD-811A83645632}.Release|x86.ActiveCfg = Release|x86
		{FC55FD4E-7F41-4F29-A3FD-811A83645632}.Release|x86.Build.0 = Release|x86
		{FC55FD4E-7F41-4F29-A3FD-811A83645632}.Release|x86.Deploy.0 = Release|x86
		{4B83B7C5-8233-4F97-A094-9C62D30C1F4A}.Debug|Any CPU.ActiveCfg = Debug|Any CPU
		{4B83B7C5-8233-4F97-A094-9C62D30C1F4A}.Debug|Any CPU.Build.0 = Debug|Any CPU
		{4B83B7C5-8233-4F97-A094-9C62D30C1F4A}.Debug|ARM.ActiveCfg = Debug|Any CPU
		{4B83B7C5-8233-4F97-A094-9C62D30C1F4A}.Debug|ARM.Build.0 = Debug|Any CPU
		{4B83B7C5-8233-4F97-A094-9C62D30C1F4A}.Debug|ARM64.ActiveCfg = Debug|Any CPU
		{4B83B7C5-8233-4F97-A094-9C62D30C1F4A}.Debug|ARM64.Build.0 = Debug|Any CPU
		{4B83B7C5-8233-4F97-A094-9C62D30C1F4A}.Debug|x64.ActiveCfg = Debug|Any CPU
		{4B83B7C5-8233-4F97-A094-9C62D30C1F4A}.Debug|x64.Build.0 = Debug|Any CPU
		{4B83B7C5-8233-4F97-A094-9C62D30C1F4A}.Debug|x86.ActiveCfg = Debug|Any CPU
		{4B83B7C5-8233-4F97-A094-9C62D30C1F4A}.Debug|x86.Build.0 = Debug|Any CPU
		{4B83B7C5-8233-4F97-A094-9C62D30C1F4A}.Release|Any CPU.ActiveCfg = Release|Any CPU
		{4B83B7C5-8233-4F97-A094-9C62D30C1F4A}.Release|Any CPU.Build.0 = Release|Any CPU
		{4B83B7C5-8233-4F97-A094-9C62D30C1F4A}.Release|ARM.ActiveCfg = Release|Any CPU
		{4B83B7C5-8233-4F97-A094-9C62D30C1F4A}.Release|ARM.Build.0 = Release|Any CPU
		{4B83B7C5-8233-4F97-A094-9C62D30C1F4A}.Release|ARM64.ActiveCfg = Release|Any CPU
		{4B83B7C5-8233-4F97-A094-9C62D30C1F4A}.Release|ARM64.Build.0 = Release|Any CPU
		{4B83B7C5-8233-4F97-A094-9C62D30C1F4A}.Release|x64.ActiveCfg = Release|Any CPU
		{4B83B7C5-8233-4F97-A094-9C62D30C1F4A}.Release|x64.Build.0 = Release|Any CPU
		{4B83B7C5-8233-4F97-A094-9C62D30C1F4A}.Release|x86.ActiveCfg = Release|Any CPU
		{4B83B7C5-8233-4F97-A094-9C62D30C1F4A}.Release|x86.Build.0 = Release|Any CPU
		{045337E3-1CAC-49A3-AAE9-AA86835DDA9A}.Debug|Any CPU.ActiveCfg = Debug|Any CPU
		{045337E3-1CAC-49A3-AAE9-AA86835DDA9A}.Debug|Any CPU.Build.0 = Debug|Any CPU
		{045337E3-1CAC-49A3-AAE9-AA86835DDA9A}.Debug|ARM.ActiveCfg = Debug|Any CPU
		{045337E3-1CAC-49A3-AAE9-AA86835DDA9A}.Debug|ARM.Build.0 = Debug|Any CPU
		{045337E3-1CAC-49A3-AAE9-AA86835DDA9A}.Debug|ARM64.ActiveCfg = Debug|Any CPU
		{045337E3-1CAC-49A3-AAE9-AA86835DDA9A}.Debug|ARM64.Build.0 = Debug|Any CPU
		{045337E3-1CAC-49A3-AAE9-AA86835DDA9A}.Debug|x64.ActiveCfg = Debug|Any CPU
		{045337E3-1CAC-49A3-AAE9-AA86835DDA9A}.Debug|x64.Build.0 = Debug|Any CPU
		{045337E3-1CAC-49A3-AAE9-AA86835DDA9A}.Debug|x86.ActiveCfg = Debug|Any CPU
		{045337E3-1CAC-49A3-AAE9-AA86835DDA9A}.Debug|x86.Build.0 = Debug|Any CPU
		{045337E3-1CAC-49A3-AAE9-AA86835DDA9A}.Release|Any CPU.ActiveCfg = Release|Any CPU
		{045337E3-1CAC-49A3-AAE9-AA86835DDA9A}.Release|Any CPU.Build.0 = Release|Any CPU
		{045337E3-1CAC-49A3-AAE9-AA86835DDA9A}.Release|ARM.ActiveCfg = Release|Any CPU
		{045337E3-1CAC-49A3-AAE9-AA86835DDA9A}.Release|ARM.Build.0 = Release|Any CPU
		{045337E3-1CAC-49A3-AAE9-AA86835DDA9A}.Release|ARM64.ActiveCfg = Release|Any CPU
		{045337E3-1CAC-49A3-AAE9-AA86835DDA9A}.Release|ARM64.Build.0 = Release|Any CPU
		{045337E3-1CAC-49A3-AAE9-AA86835DDA9A}.Release|x64.ActiveCfg = Release|Any CPU
		{045337E3-1CAC-49A3-AAE9-AA86835DDA9A}.Release|x64.Build.0 = Release|Any CPU
		{045337E3-1CAC-49A3-AAE9-AA86835DDA9A}.Release|x86.ActiveCfg = Release|Any CPU
		{045337E3-1CAC-49A3-AAE9-AA86835DDA9A}.Release|x86.Build.0 = Release|Any CPU
		{1FB7BEE5-BFAD-4E78-BCC9-A56633808A89}.Debug|Any CPU.ActiveCfg = Debug|Any CPU
		{1FB7BEE5-BFAD-4E78-BCC9-A56633808A89}.Debug|Any CPU.Build.0 = Debug|Any CPU
		{1FB7BEE5-BFAD-4E78-BCC9-A56633808A89}.Debug|ARM.ActiveCfg = Debug|Any CPU
		{1FB7BEE5-BFAD-4E78-BCC9-A56633808A89}.Debug|ARM.Build.0 = Debug|Any CPU
		{1FB7BEE5-BFAD-4E78-BCC9-A56633808A89}.Debug|ARM64.ActiveCfg = Debug|Any CPU
		{1FB7BEE5-BFAD-4E78-BCC9-A56633808A89}.Debug|ARM64.Build.0 = Debug|Any CPU
		{1FB7BEE5-BFAD-4E78-BCC9-A56633808A89}.Debug|x64.ActiveCfg = Debug|Any CPU
		{1FB7BEE5-BFAD-4E78-BCC9-A56633808A89}.Debug|x64.Build.0 = Debug|Any CPU
		{1FB7BEE5-BFAD-4E78-BCC9-A56633808A89}.Debug|x86.ActiveCfg = Debug|Any CPU
		{1FB7BEE5-BFAD-4E78-BCC9-A56633808A89}.Debug|x86.Build.0 = Debug|Any CPU
		{1FB7BEE5-BFAD-4E78-BCC9-A56633808A89}.Release|Any CPU.ActiveCfg = Release|Any CPU
		{1FB7BEE5-BFAD-4E78-BCC9-A56633808A89}.Release|Any CPU.Build.0 = Release|Any CPU
		{1FB7BEE5-BFAD-4E78-BCC9-A56633808A89}.Release|ARM.ActiveCfg = Release|Any CPU
		{1FB7BEE5-BFAD-4E78-BCC9-A56633808A89}.Release|ARM.Build.0 = Release|Any CPU
		{1FB7BEE5-BFAD-4E78-BCC9-A56633808A89}.Release|ARM64.ActiveCfg = Release|Any CPU
		{1FB7BEE5-BFAD-4E78-BCC9-A56633808A89}.Release|ARM64.Build.0 = Release|Any CPU
		{1FB7BEE5-BFAD-4E78-BCC9-A56633808A89}.Release|x64.ActiveCfg = Release|Any CPU
		{1FB7BEE5-BFAD-4E78-BCC9-A56633808A89}.Release|x64.Build.0 = Release|Any CPU
		{1FB7BEE5-BFAD-4E78-BCC9-A56633808A89}.Release|x86.ActiveCfg = Release|Any CPU
		{1FB7BEE5-BFAD-4E78-BCC9-A56633808A89}.Release|x86.Build.0 = Release|Any CPU
		{F245CE70-9C22-41DD-9E28-A099A81AF79A}.Debug|Any CPU.ActiveCfg = Debug|Any CPU
		{F245CE70-9C22-41DD-9E28-A099A81AF79A}.Debug|Any CPU.Build.0 = Debug|Any CPU
		{F245CE70-9C22-41DD-9E28-A099A81AF79A}.Debug|ARM.ActiveCfg = Debug|Any CPU
		{F245CE70-9C22-41DD-9E28-A099A81AF79A}.Debug|ARM.Build.0 = Debug|Any CPU
		{F245CE70-9C22-41DD-9E28-A099A81AF79A}.Debug|ARM64.ActiveCfg = Debug|Any CPU
		{F245CE70-9C22-41DD-9E28-A099A81AF79A}.Debug|ARM64.Build.0 = Debug|Any CPU
		{F245CE70-9C22-41DD-9E28-A099A81AF79A}.Debug|x64.ActiveCfg = Debug|Any CPU
		{F245CE70-9C22-41DD-9E28-A099A81AF79A}.Debug|x64.Build.0 = Debug|Any CPU
		{F245CE70-9C22-41DD-9E28-A099A81AF79A}.Debug|x86.ActiveCfg = Debug|Any CPU
		{F245CE70-9C22-41DD-9E28-A099A81AF79A}.Debug|x86.Build.0 = Debug|Any CPU
		{F245CE70-9C22-41DD-9E28-A099A81AF79A}.Release|Any CPU.ActiveCfg = Release|Any CPU
		{F245CE70-9C22-41DD-9E28-A099A81AF79A}.Release|Any CPU.Build.0 = Release|Any CPU
		{F245CE70-9C22-41DD-9E28-A099A81AF79A}.Release|ARM.ActiveCfg = Release|Any CPU
		{F245CE70-9C22-41DD-9E28-A099A81AF79A}.Release|ARM.Build.0 = Release|Any CPU
		{F245CE70-9C22-41DD-9E28-A099A81AF79A}.Release|ARM64.ActiveCfg = Release|Any CPU
		{F245CE70-9C22-41DD-9E28-A099A81AF79A}.Release|ARM64.Build.0 = Release|Any CPU
		{F245CE70-9C22-41DD-9E28-A099A81AF79A}.Release|x64.ActiveCfg = Release|Any CPU
		{F245CE70-9C22-41DD-9E28-A099A81AF79A}.Release|x64.Build.0 = Release|Any CPU
		{F245CE70-9C22-41DD-9E28-A099A81AF79A}.Release|x86.ActiveCfg = Release|Any CPU
		{F245CE70-9C22-41DD-9E28-A099A81AF79A}.Release|x86.Build.0 = Release|Any CPU
	EndGlobalSection
	GlobalSection(SolutionProperties) = preSolution
		HideSolutionNode = FALSE
	EndGlobalSection
	GlobalSection(NestedProjects) = preSolution
		{47D99623-D012-4142-86A7-2EB15AB6ACD9} = {0F8427B1-5278-42AD-8491-B0F4532B3A08}
		{FC55FD4E-7F41-4F29-A3FD-811A83645632} = {0F8427B1-5278-42AD-8491-B0F4532B3A08}
		{4B83B7C5-8233-4F97-A094-9C62D30C1F4A} = {0F8427B1-5278-42AD-8491-B0F4532B3A08}
		{045337E3-1CAC-49A3-AAE9-AA86835DDA9A} = {0F8427B1-5278-42AD-8491-B0F4532B3A08}
		{1FB7BEE5-BFAD-4E78-BCC9-A56633808A89} = {0F8427B1-5278-42AD-8491-B0F4532B3A08}
		{F245CE70-9C22-41DD-9E28-A099A81AF79A} = {0F8427B1-5278-42AD-8491-B0F4532B3A08}
	EndGlobalSection
	GlobalSection(ExtensibilityGlobals) = postSolution
		SolutionGuid = {714108B4-B911-4F02-A47E-A046153C30A9}
	EndGlobalSection
EndGlobal
